github.com/Azure/azure-sdk-for-go/sdk/azcore v1.3.1 h1:gVXuXcWd1i4C2Ruxe321aU+IKGaStvGB/S90PUPB/W8=
github.com/Azure/azure-sdk-for-go/sdk/azcore v1.3.1/go.mod h1:DffdKW9RFqa5VgmsjUOsS7UE7eiA5iAvYUs63bhKQ0M=
github.com/Azure/azure-sdk-for-go/sdk/internal v1.1.2 h1:+5VZ72z0Qan5Bog5C+ZkgSqUbeVUd9wgtHOrIKuc5b8=
github.com/Azure/azure-sdk-for-go/sdk/internal v1.1.2/go.mod h1:eWRD7oawr1Mu1sLCawqVc0CUiF43ia3qQMxLscsKQ9w=
golang.org/x/net v0.5.0 h1:GyT4nK/YDHSqa1c4753ouYCDajOYKTja9Xb/OHtgvSw=
golang.org/x/net v0.5.0/go.mod h1:DivGGAXEgPSlEBzxGzZI+ZLohi+xUj054jfeKui00ws=
golang.org/x/text v0.6.0 h1:3XmdazWV+ubf7QgHSTWeykHOci5oeekaGJBLkrkaw4k=
golang.org/x/text v0.6.0/go.mod h1:mrYo+phRRbMaCq/xk9113O4dZlRixOauAjOtrjsXDZ8=
